
Microsoft Visual Studio Solution File, Format Version 12.00
# Visual Studio Version 17
VisualStudioVersion = 17.0.31903.59
MinimumVisualStudioVersion = 10.0.40219.1
Project("{FAE04EC0-301F-11D3-BF4B-00C04F79EFBC}") = "VirusTotalNet", "VirusTotalNet\VirusTotalNet.csproj", "{688CE4D7-D929-46B1-8F26-99EB75D6F736}"
EndProject
Project("{FAE04EC0-301F-11D3-BF4B-00C04F79EFBC}") = "VirusTotalNet.Tests", "VirusTotalNet.Tests\VirusTotalNet.Tests.csproj", "{0096C057-280E-4AD8-844C-FDB2E9578C88}"
EndProject
Project("{FAE04EC0-301F-11D3-BF4B-00C04F79EFBC}") = "VirusTotalNet.Examples", "VirusTotalNet.Examples\VirusTotalNet.Examples.csproj", "{89FD0F14-A5BC-49EE-9172-B01754393CD6}"
EndProject
Project("{FAE04EC0-301F-11D3-BF4B-00C04F79EFBC}") = "VirusTotalNet.DependencyInjection", "VirusTotalNet.DependencyInjection\VirusTotalNet.DependencyInjection.csproj", "{474630F1-9EAA-42B9-B651-FEFC629DB3A6}"
EndProject
Project("{FAE04EC0-301F-11D3-BF4B-00C04F79EFBC}") = "VirusTotalNet.ReportGenerator", "VirusTotalNet.ReportGenerator\VirusTotalNet.ReportGenerator.csproj", "{3A382F08-7186-4B9B-8F99-56EFE36569EE}"
EndProject
Global
	GlobalSection(SolutionConfigurationPlatforms) = preSolution
		Debug|Any CPU = Debug|Any CPU
		Release|Any CPU = Release|Any CPU
	EndGlobalSection
	GlobalSection(SolutionProperties) = preSolution
		HideSolutionNode = FALSE
	EndGlobalSection
	GlobalSection(ProjectConfigurationPlatforms) = postSolution
		{688CE4D7-D929-46B1-8F26-99EB75D6F736}.Debug|Any CPU.ActiveCfg = Debug|Any CPU
		{688CE4D7-D929-46B1-8F26-99EB75D6F736}.Debug|Any CPU.Build.0 = Debug|Any CPU
		{688CE4D7-D929-46B1-8F26-99EB75D6F736}.Release|Any CPU.ActiveCfg = Release|Any CPU
		{688CE4D7-D929-46B1-8F26-99EB75D6F736}.Release|Any CPU.Build.0 = Release|Any CPU
		{0096C057-280E-4AD8-844C-FDB2E9578C88}.Debug|Any CPU.ActiveCfg = Debug|Any CPU
		{0096C057-280E-4AD8-844C-FDB2E9578C88}.Debug|Any CPU.Build.0 = Debug|Any CPU
		{0096C057-280E-4AD8-844C-FDB2E9578C88}.Release|Any CPU.ActiveCfg = Release|Any CPU
		{0096C057-280E-4AD8-844C-FDB2E9578C88}.Release|Any CPU.Build.0 = Release|Any CPU
		{89FD0F14-A5BC-49EE-9172-B01754393CD6}.Debug|Any CPU.ActiveCfg = Debug|Any CPU
		{89FD0F14-A5BC-49EE-9172-B01754393CD6}.Debug|Any CPU.Build.0 = Debug|Any CPU
		{89FD0F14-A5BC-49EE-9172-B01754393CD6}.Release|Any CPU.ActiveCfg = Release|Any CPU
		{89FD0F14-A5BC-49EE-9172-B01754393CD6}.Release|Any CPU.Build.0 = Release|Any CPU
		{474630F1-9EAA-42B9-B651-FEFC629DB3A6}.Debug|Any CPU.ActiveCfg = Debug|Any CPU
		{474630F1-9EAA-42B9-B651-FEFC629DB3A6}.Debug|Any CPU.Build.0 = Debug|Any CPU
		{474630F1-9EAA-42B9-B651-FEFC629DB3A6}.Release|Any CPU.ActiveCfg = Release|Any CPU
		{474630F1-9EAA-42B9-B651-FEFC629DB3A6}.Release|Any CPU.Build.0 = Release|Any CPU
		{3A382F08-7186-4B9B-8F99-56EFE36569EE}.Debug|Any CPU.ActiveCfg = Debug|Any CPU
		{3A382F08-7186-4B9B-8F99-56EFE36569EE}.Debug|Any CPU.Build.0 = Debug|Any CPU
		{3A382F08-7186-4B9B-8F99-56EFE36569EE}.Release|Any CPU.ActiveCfg = Release|Any CPU
		{3A382F08-7186-4B9B-8F99-56EFE36569EE}.Release|Any CPU.Build.0 = Release|Any CPU
	EndGlobalSection
EndGlobal
